
Microsoft Visual Studio Solution File, Format Version 12.00
# Visual Studio Version 17
VisualStudioVersion = 17.13.35919.96
MinimumVisualStudioVersion = 10.0.40219.1
Project("{FAE04EC0-301F-11D3-BF4B-00C04F79EFBC}") = "CourtBooking.API", "src\CourtBooking.API\CourtBooking.API.csproj", "{11A20B1E-7B21-1279-31FF-4C50836B8806}"
EndProject
Project("{FAE04EC0-301F-11D3-BF4B-00C04F79EFBC}") = "CourtBooking.Application", "src\CourtBooking.Application\CourtBooking.Application.csproj", "{2D79ACD1-A15F-1F38-5147-65DA2211E930}"
EndProject
Project("{FAE04EC0-301F-11D3-BF4B-00C04F79EFBC}") = "CourtBooking.Domain", "src\CourtBooking.Domain\CourtBooking.Domain.csproj", "{52AA10B9-46FA-839A-B738-E1C4CADAC6EC}"
EndProject
Project("{FAE04EC0-301F-11D3-BF4B-00C04F79EFBC}") = "CourtBooking.Infrastructure", "src\CourtBooking.Infrastructure\CourtBooking.Infrastructure.csproj", "{3FBC20E2-39BB-0DC9-1496-1EAA9A4A28C6}"
EndProject
Project("{FAE04EC0-301F-11D3-BF4B-00C04F79EFBC}") = "CourtBooking.Test", "src\CourtBooking.Test\CourtBooking.Test.csproj", "{E10E9513-CE2B-FFE9-4FD6-4BF1CE3B589F}"
EndProject
Global
	GlobalSection(SolutionConfigurationPlatforms) = preSolution
		Debug|Any CPU = Debug|Any CPU
		Release|Any CPU = Release|Any CPU
	EndGlobalSection
	GlobalSection(ProjectConfigurationPlatforms) = postSolution
		{11A20B1E-7B21-1279-31FF-4C50836B8806}.Debug|Any CPU.ActiveCfg = Debug|Any CPU
		{11A20B1E-7B21-1279-31FF-4C50836B8806}.Debug|Any CPU.Build.0 = Debug|Any CPU
		{11A20B1E-7B21-1279-31FF-4C50836B8806}.Release|Any CPU.ActiveCfg = Release|Any CPU
		{11A20B1E-7B21-1279-31FF-4C50836B8806}.Release|Any CPU.Build.0 = Release|Any CPU
		{2D79ACD1-A15F-1F38-5147-65DA2211E930}.Debug|Any CPU.ActiveCfg = Debug|Any CPU
		{2D79ACD1-A15F-1F38-5147-65DA2211E930}.Debug|Any CPU.Build.0 = Debug|Any CPU
		{2D79ACD1-A15F-1F38-5147-65DA2211E930}.Release|Any CPU.ActiveCfg = Release|Any CPU
		{2D79ACD1-A15F-1F38-5147-65DA2211E930}.Release|Any CPU.Build.0 = Release|Any CPU
		{52AA10B9-46FA-839A-B738-E1C4CADAC6EC}.Debug|Any CPU.ActiveCfg = Debug|Any CPU
		{52AA10B9-46FA-839A-B738-E1C4CADAC6EC}.Debug|Any CPU.Build.0 = Debug|Any CPU
		{52AA10B9-46FA-839A-B738-E1C4CADAC6EC}.Release|Any CPU.ActiveCfg = Release|Any CPU
		{52AA10B9-46FA-839A-B738-E1C4CADAC6EC}.Release|Any CPU.Build.0 = Release|Any CPU
		{3FBC20E2-39BB-0DC9-1496-1EAA9A4A28C6}.Debug|Any CPU.ActiveCfg = Debug|Any CPU
		{3FBC20E2-39BB-0DC9-1496-1EAA9A4A28C6}.Debug|Any CPU.Build.0 = Debug|Any CPU
		{3FBC20E2-39BB-0DC9-1496-1EAA9A4A28C6}.Release|Any CPU.ActiveCfg = Release|Any CPU
		{3FBC20E2-39BB-0DC9-1496-1EAA9A4A28C6}.Release|Any CPU.Build.0 = Release|Any CPU
		{E10E9513-CE2B-FFE9-4FD6-4BF1CE3B589F}.Debug|Any CPU.ActiveCfg = Debug|Any CPU
		{E10E9513-CE2B-FFE9-4FD6-4BF1CE3B589F}.Debug|Any CPU.Build.0 = Debug|Any CPU
		{E10E9513-CE2B-FFE9-4FD6-4BF1CE3B589F}.Release|Any CPU.ActiveCfg = Release|Any CPU
		{E10E9513-CE2B-FFE9-4FD6-4BF1CE3B589F}.Release|Any CPU.Build.0 = Release|Any CPU
	EndGlobalSection
	GlobalSection(SolutionProperties) = preSolution
		HideSolutionNode = FALSE
	EndGlobalSection
	GlobalSection(ExtensibilityGlobals) = postSolution
		SolutionGuid = {FC8CEE96-3EE7-4FC1-AEF5-1E4EB508EAC7}
	EndGlobalSection
EndGlobal
